
Microsoft Visual Studio Solution File, Format Version 12.00
# Visual Studio 15
VisualStudioVersion = 15.0.27703.2018
MinimumVisualStudioVersion = 10.0.40219.1
Project("{FAE04EC0-301F-11D3-BF4B-00C04F79EFBC}") = "My3DGame", "My3DGame\My3DGame.csproj", "{236B5422-01E5-45E2-9324-406BAC818D17}"
EndProject
Global
	GlobalSection(SolutionConfigurationPlatforms) = preSolution
		Debug|Any CPU = Debug|Any CPU
		Release|Any CPU = Release|Any CPU
	EndGlobalSection
	GlobalSection(ProjectConfigurationPlatforms) = postSolution
		{236B5422-01E5-45E2-9324-406BAC818D17}.Debug|Any CPU.ActiveCfg = Debug|Any CPU
		{236B5422-01E5-45E2-9324-406BAC818D17}.Debug|Any CPU.Build.0 = Debug|Any CPU
		{236B5422-01E5-45E2-9324-406BAC818D17}.Release|Any CPU.ActiveCfg = Release|Any CPU
		{236B5422-01E5-45E2-9324-406BAC818D17}.Release|Any CPU.Build.0 = Release|Any CPU
	EndGlobalSection
	GlobalSection(SolutionProperties) = preSolution
		HideSolutionNode = FALSE
	EndGlobalSection
	GlobalSection(ExtensibilityGlobals) = postSolution
		SolutionGuid = {CC2B1D9B-2053-4378-897A-416602F206BD}
	EndGlobalSection
EndGlobal
